
Microsoft Visual Studio Solution File, Format Version 12.00
# Visual Studio Version 17
VisualStudioVersion = 17.11.35208.52
MinimumVisualStudioVersion = 10.0.40219.1
Project("{9A19103F-16F7-4668-BE54-9A1E7A4F7556}") = "SecureTechSolutions", "SecureTechSolutions\SecureTechSolutions.csproj", "{047409B1-D0F3-4193-B765-3FB599650791}"
EndProject
Project("{FAE04EC0-301F-11D3-BF4B-00C04F79EFBC}") = "Entidades", "Entidades\Entidades.csproj", "{4A638792-FB90-415D-8EB5-6A2793235D02}"
EndProject
Project("{FAE04EC0-301F-11D3-BF4B-00C04F79EFBC}") = "Datos", "Datos\Datos.csproj", "{BB547E9D-C42E-4F6E-A4CF-E67DA5F745FE}"
EndProject
Global
	GlobalSection(SolutionConfigurationPlatforms) = preSolution
		Debug|Any CPU = Debug|Any CPU
		Release|Any CPU = Release|Any CPU
	EndGlobalSection
	GlobalSection(ProjectConfigurationPlatforms) = postSolution
		{047409B1-D0F3-4193-B765-3FB599650791}.Debug|Any CPU.ActiveCfg = Debug|Any CPU
		{047409B1-D0F3-4193-B765-3FB599650791}.Debug|Any CPU.Build.0 = Debug|Any CPU
		{047409B1-D0F3-4193-B765-3FB599650791}.Release|Any CPU.ActiveCfg = Release|Any CPU
		{047409B1-D0F3-4193-B765-3FB599650791}.Release|Any CPU.Build.0 = Release|Any CPU
		{4A638792-FB90-415D-8EB5-6A2793235D02}.Debug|Any CPU.ActiveCfg = Debug|Any CPU
		{4A638792-FB90-415D-8EB5-6A2793235D02}.Debug|Any CPU.Build.0 = Debug|Any CPU
		{4A638792-FB90-415D-8EB5-6A2793235D02}.Release|Any CPU.ActiveCfg = Release|Any CPU
		{4A638792-FB90-415D-8EB5-6A2793235D02}.Release|Any CPU.Build.0 = Release|Any CPU
		{BB547E9D-C42E-4F6E-A4CF-E67DA5F745FE}.Debug|Any CPU.ActiveCfg = Debug|Any CPU
		{BB547E9D-C42E-4F6E-A4CF-E67DA5F745FE}.Debug|Any CPU.Build.0 = Debug|Any CPU
		{BB547E9D-C42E-4F6E-A4CF-E67DA5F745FE}.Release|Any CPU.ActiveCfg = Release|Any CPU
		{BB547E9D-C42E-4F6E-A4CF-E67DA5F745FE}.Release|Any CPU.Build.0 = Release|Any CPU
	EndGlobalSection
	GlobalSection(SolutionProperties) = preSolution
		HideSolutionNode = FALSE
	EndGlobalSection
	GlobalSection(ExtensibilityGlobals) = postSolution
		SolutionGuid = {EB29ED9E-D4C0-4E68-BDC7-8F01C9F0F08E}
	EndGlobalSection
EndGlobal
